
Microsoft Visual Studio Solution File, Format Version 12.00
# Visual Studio Version 17
VisualStudioVersion = 17.0.31903.59
MinimumVisualStudioVersion = 10.0.40219.1
Project("{2150E333-8FDC-42A3-9474-1A3956D46DE8}") = "src", "src", "{98637C6B-E38A-4F51-AB7E-406636644B6E}"
EndProject
Project("{FAE04EC0-301F-11D3-BF4B-00C04F79EFBC}") = "libra", "src\libra\libra.csproj", "{047CE082-F3EB-4A2D-BD04-C2ED4DCD073C}"
EndProject
Global
	GlobalSection(SolutionConfigurationPlatforms) = preSolution
		Debug|Any CPU = Debug|Any CPU
		Release|Any CPU = Release|Any CPU
	EndGlobalSection
	GlobalSection(SolutionProperties) = preSolution
		HideSolutionNode = FALSE
	EndGlobalSection
	GlobalSection(ProjectConfigurationPlatforms) = postSolution
		{047CE082-F3EB-4A2D-BD04-C2ED4DCD073C}.Debug|Any CPU.ActiveCfg = Debug|Any CPU
		{047CE082-F3EB-4A2D-BD04-C2ED4DCD073C}.Debug|Any CPU.Build.0 = Debug|Any CPU
		{047CE082-F3EB-4A2D-BD04-C2ED4DCD073C}.Release|Any CPU.ActiveCfg = Release|Any CPU
		{047CE082-F3EB-4A2D-BD04-C2ED4DCD073C}.Release|Any CPU.Build.0 = Release|Any CPU
	EndGlobalSection
	GlobalSection(NestedProjects) = preSolution
		{047CE082-F3EB-4A2D-BD04-C2ED4DCD073C} = {98637C6B-E38A-4F51-AB7E-406636644B6E}
	EndGlobalSection
EndGlobal
